
Microsoft Visual Studio Solution File, Format Version 12.00
# Visual Studio 14
VisualStudioVersion = 14.0.25123.0
MinimumVisualStudioVersion = 10.0.40219.1
Project("{FAE04EC0-301F-11D3-BF4B-00C04F79EFBC}") = "Elastico", "Elastico\Elastico.csproj", "{17312DB0-0F2A-454F-8F72-768DE4C042A0}"
EndProject
Project("{FAE04EC0-301F-11D3-BF4B-00C04F79EFBC}") = "Elastico.test", "Elastico.test\Elastico.test.csproj", "{8BA363BD-7377-4E3D-8144-FA375964365A}"
EndProject
Global
	GlobalSection(SolutionConfigurationPlatforms) = preSolution
		Debug|Any CPU = Debug|Any CPU
		Release|Any CPU = Release|Any CPU
	EndGlobalSection
	GlobalSection(ProjectConfigurationPlatforms) = postSolution
		{17312DB0-0F2A-454F-8F72-768DE4C042A0}.Debug|Any CPU.ActiveCfg = Debug|Any CPU
		{17312DB0-0F2A-454F-8F72-768DE4C042A0}.Debug|Any CPU.Build.0 = Debug|Any CPU
		{17312DB0-0F2A-454F-8F72-768DE4C042A0}.Release|Any CPU.ActiveCfg = Release|Any CPU
		{17312DB0-0F2A-454F-8F72-768DE4C042A0}.Release|Any CPU.Build.0 = Release|Any CPU
		{8BA363BD-7377-4E3D-8144-FA375964365A}.Debug|Any CPU.ActiveCfg = Debug|Any CPU
		{8BA363BD-7377-4E3D-8144-FA375964365A}.Debug|Any CPU.Build.0 = Debug|Any CPU
		{8BA363BD-7377-4E3D-8144-FA375964365A}.Release|Any CPU.ActiveCfg = Release|Any CPU
		{8BA363BD-7377-4E3D-8144-FA375964365A}.Release|Any CPU.Build.0 = Release|Any CPU
	EndGlobalSection
	GlobalSection(SolutionProperties) = preSolution
		HideSolutionNode = FALSE
	EndGlobalSection
EndGlobal
